// !$*UTF8*$!
{
	archiveVersion = 1;
	classes = {
	};
	objectVersion = 56;
	objects = {

/* Begin PBXBuildFile section */
		50BC774E290988EC00C7D97B /* AppDelegate.swift in Sources */ = {isa = PBXBuildFile; fileRef = 50BC774D290988EC00C7D97B /* AppDelegate.swift */; };
		50BC7750290988EC00C7D97B /* SceneDelegate.swift in Sources */ = {isa = PBXBuildFile; fileRef = 50BC774F290988EC00C7D97B /* SceneDelegate.swift */; };
		50BC7752290988EC00C7D97B /* ViewController.swift in Sources */ = {isa = PBXBuildFile; fileRef = 50BC7751290988EC00C7D97B /* ViewController.swift */; };
		50BC7755290988EC00C7D97B /* Main.storyboard in Resources */ = {isa = PBXBuildFile; fileRef = 50BC7753290988EC00C7D97B /* Main.storyboard */; };
		50BC7757290988EE00C7D97B /* Assets.xcassets in Resources */ = {isa = PBXBuildFile; fileRef = 50BC7756290988EE00C7D97B /* Assets.xcassets */; };
		50BC775A290988EE00C7D97B /* LaunchScreen.storyboard in Resources */ = {isa = PBXBuildFile; fileRef = 50BC7758290988EE00C7D97B /* LaunchScreen.storyboard */; };
		50BC7762290989D100C7D97B /* GameStoryboard.storyboard in Resources */ = {isa = PBXBuildFile; fileRef = 50BC7761290989D100C7D97B /* GameStoryboard.storyboard */; };
		50BC7765290989ED00C7D97B /* GameViewController.swift in Sources */ = {isa = PBXBuildFile; fileRef = 50BC7764290989ED00C7D97B /* GameViewController.swift */; };
		50BC776829098AF500C7D97B /* TableOfRecordsStoryboard.storyboard in Resources */ = {isa = PBXBuildFile; fileRef = 50BC776729098AF500C7D97B /* TableOfRecordsStoryboard.storyboard */; };
		50BC776A29098B0B00C7D97B /* RecordsViewController.swift in Sources */ = {isa = PBXBuildFile; fileRef = 50BC776929098B0B00C7D97B /* RecordsViewController.swift */; };
		50BC776D29098B3200C7D97B /* SettingsStoryboard.storyboard in Resources */ = {isa = PBXBuildFile; fileRef = 50BC776C29098B3200C7D97B /* SettingsStoryboard.storyboard */; };
		50BC776F29098B4500C7D97B /* SettingsViewController.swift in Sources */ = {isa = PBXBuildFile; fileRef = 50BC776E29098B4500C7D97B /* SettingsViewController.swift */; };
/* End PBXBuildFile section */

/* Begin PBXFileReference section */
		50BC774A290988EC00C7D97B /* ZombieRunner.app */ = {isa = PBXFileReference; explicitFileType = wrapper.application; includeInIndex = 0; path = ZombieRunner.app; sourceTree = BUILT_PRODUCTS_DIR; };
		50BC774D290988EC00C7D97B /* AppDelegate.swift */ = {isa = PBXFileReference; lastKnownFileType = sourcecode.swift; path = AppDelegate.swift; sourceTree = "<group>"; };
		50BC774F290988EC00C7D97B /* SceneDelegate.swift */ = {isa = PBXFileReference; lastKnownFileType = sourcecode.swift; path = SceneDelegate.swift; sourceTree = "<group>"; };
		50BC7751290988EC00C7D97B /* ViewController.swift */ = {isa = PBXFileReference; lastKnownFileType = sourcecode.swift; path = ViewController.swift; sourceTree = "<group>"; };
		50BC7754290988EC00C7D97B /* Base */ = {isa = PBXFileReference; lastKnownFileType = file.storyboard; name = Base; path = Base.lproj/Main.storyboard; sourceTree = "<group>"; };
		50BC7756290988EE00C7D97B /* Assets.xcassets */ = {isa = PBXFileReference; lastKnownFileType = folder.assetcatalog; path = Assets.xcassets; sourceTree = "<group>"; };
		50BC7759290988EE00C7D97B /* Base */ = {isa = PBXFileReference; lastKnownFileType = file.storyboard; name = Base; path = Base.lproj/LaunchScreen.storyboard; sourceTree = "<group>"; };
		50BC775B290988EE00C7D97B /* Info.plist */ = {isa = PBXFileReference; lastKnownFileType = text.plist.xml; path = Info.plist; sourceTree = "<group>"; };
		50BC7761290989D100C7D97B /* GameStoryboard.storyboard */ = {isa = PBXFileReference; lastKnownFileType = file.storyboard; path = GameStoryboard.storyboard; sourceTree = "<group>"; };
		50BC7764290989ED00C7D97B /* GameViewController.swift */ = {isa = PBXFileReference; lastKnownFileType = sourcecode.swift; path = GameViewController.swift; sourceTree = "<group>"; };
		50BC776729098AF500C7D97B /* TableOfRecordsStoryboard.storyboard */ = {isa = PBXFileReference; lastKnownFileType = file.storyboard; path = TableOfRecordsStoryboard.storyboard; sourceTree = "<group>"; };
		50BC776929098B0B00C7D97B /* RecordsViewController.swift */ = {isa = PBXFileReference; lastKnownFileType = sourcecode.swift; path = RecordsViewController.swift; sourceTree = "<group>"; };
		50BC776C29098B3200C7D97B /* SettingsStoryboard.storyboard */ = {isa = PBXFileReference; lastKnownFileType = file.storyboard; path = SettingsStoryboard.storyboard; sourceTree = "<group>"; };
		50BC776E29098B4500C7D97B /* SettingsViewController.swift */ = {isa = PBXFileReference; lastKnownFileType = sourcecode.swift; path = SettingsViewController.swift; sourceTree = "<group>"; };
/* End PBXFileReference section */

/* Begin PBXFrameworksBuildPhase section */
		50BC7747290988EC00C7D97B /* Frameworks */ = {
			isa = PBXFrameworksBuildPhase;
			buildActionMask = 2147483647;
			files = (
			);
			runOnlyForDeploymentPostprocessing = 0;
		};
/* End PBXFrameworksBuildPhase section */

/* Begin PBXGroup section */
		50BC7741290988EC00C7D97B = {
			isa = PBXGroup;
			children = (
				50BC774C290988EC00C7D97B /* ZombieRunner */,
				50BC774B290988EC00C7D97B /* Products */,
			);
			sourceTree = "<group>";
		};
		50BC774B290988EC00C7D97B /* Products */ = {
			isa = PBXGroup;
			children = (
				50BC774A290988EC00C7D97B /* ZombieRunner.app */,
			);
			name = Products;
			sourceTree = "<group>";
		};
		50BC774C290988EC00C7D97B /* ZombieRunner */ = {
			isa = PBXGroup;
			children = (
				50BC774D290988EC00C7D97B /* AppDelegate.swift */,
				50BC774F290988EC00C7D97B /* SceneDelegate.swift */,
				50BC7751290988EC00C7D97B /* ViewController.swift */,
				50BC776B29098B2200C7D97B /* Settings */,
				50BC776629098A0600C7D97B /* Table of records */,
				50BC7763290989D800C7D97B /* Game */,
				50BC7753290988EC00C7D97B /* Main.storyboard */,
				50BC7756290988EE00C7D97B /* Assets.xcassets */,
				50BC7758290988EE00C7D97B /* LaunchScreen.storyboard */,
				50BC775B290988EE00C7D97B /* Info.plist */,
			);
			path = ZombieRunner;
			sourceTree = "<group>";
		};
		50BC7763290989D800C7D97B /* Game */ = {
			isa = PBXGroup;
			children = (
				50BC7761290989D100C7D97B /* GameStoryboard.storyboard */,
				50BC7764290989ED00C7D97B /* GameViewController.swift */,
			);
			path = Game;
			sourceTree = "<group>";
		};
		50BC776629098A0600C7D97B /* Table of records */ = {
			isa = PBXGroup;
			children = (
				50BC776729098AF500C7D97B /* TableOfRecordsStoryboard.storyboard */,
				50BC776929098B0B00C7D97B /* RecordsViewController.swift */,
			);
			path = "Table of records";
			sourceTree = "<group>";
		};
		50BC776B29098B2200C7D97B /* Settings */ = {
			isa = PBXGroup;
			children = (
				50BC776C29098B3200C7D97B /* SettingsStoryboard.storyboard */,
				50BC776E29098B4500C7D97B /* SettingsViewController.swift */,
			);
			path = Settings;
			sourceTree = "<group>";
		};
/* End PBXGroup section */

/* Begin PBXNativeTarget section */
		50BC7749290988EC00C7D97B /* ZombieRunner */ = {
			isa = PBXNativeTarget;
			buildConfigurationList = 50BC775E290988EE00C7D97B /* Build configuration list for PBXNativeTarget "ZombieRunner" */;
			buildPhases = (
				50BC7746290988EC00C7D97B /* Sources */,
				50BC7747290988EC00C7D97B /* Frameworks */,
				50BC7748290988EC00C7D97B /* Resources */,
			);
			buildRules = (
			);
			dependencies = (
			);
			name = ZombieRunner;
			productName = ZombieRunner;
			productReference = 50BC774A290988EC00C7D97B /* ZombieRunner.app */;
			productType = "com.apple.product-type.application";
		};
/* End PBXNativeTarget section */

/* Begin PBXProject section */
		50BC7742290988EC00C7D97B /* Project object */ = {
			isa = PBXProject;
			attributes = {
				BuildIndependentTargetsInParallel = 1;
				LastSwiftUpdateCheck = 1400;
				LastUpgradeCheck = 1400;
				TargetAttributes = {
					50BC7749290988EC00C7D97B = {
						CreatedOnToolsVersion = 14.0.1;
					};
				};
			};
			buildConfigurationList = 50BC7745290988EC00C7D97B /* Build configuration list for PBXProject "ZombieRunner" */;
			compatibilityVersion = "Xcode 14.0";
			developmentRegion = en;
			hasScannedForEncodings = 0;
			knownRegions = (
				en,
				Base,
			);
			mainGroup = 50BC7741290988EC00C7D97B;
			productRefGroup = 50BC774B290988EC00C7D97B /* Products */;
			projectDirPath = "";
			projectRoot = "";
			targets = (
				50BC7749290988EC00C7D97B /* ZombieRunner */,
			);
		};
/* End PBXProject section */

/* Begin PBXResourcesBuildPhase section */
		50BC7748290988EC00C7D97B /* Resources */ = {
			isa = PBXResourcesBuildPhase;
			buildActionMask = 2147483647;
			files = (
				50BC776D29098B3200C7D97B /* SettingsStoryboard.storyboard in Resources */,
				50BC775A290988EE00C7D97B /* LaunchScreen.storyboard in Resources */,
				50BC776829098AF500C7D97B /* TableOfRecordsStoryboard.storyboard in Resources */,
				50BC7757290988EE00C7D97B /* Assets.xcassets in Resources */,
				50BC7755290988EC00C7D97B /* Main.storyboard in Resources */,
				50BC7762290989D100C7D97B /* GameStoryboard.storyboard in Resources */,
			);
			runOnlyForDeploymentPostprocessing = 0;
		};
/* End PBXResourcesBuildPhase section */

/* Begin PBXSourcesBuildPhase section */
		50BC7746290988EC00C7D97B /* Sources */ = {
			isa = PBXSourcesBuildPhase;
			buildActionMask = 2147483647;
			files = (
				50BC7765290989ED00C7D97B /* GameViewController.swift in Sources */,
				50BC7752290988EC00C7D97B /* ViewController.swift in Sources */,
				50BC774E290988EC00C7D97B /* AppDelegate.swift in Sources */,
				50BC7750290988EC00C7D97B /* SceneDelegate.swift in Sources */,
				50BC776A29098B0B00C7D97B /* RecordsViewController.swift in Sources */,
				50BC776F29098B4500C7D97B /* SettingsViewController.swift in Sources */,
			);
			runOnlyForDeploymentPostprocessing = 0;
		};
/* End PBXSourcesBuildPhase section */

/* Begin PBXVariantGroup section */
		50BC7753290988EC00C7D97B /* Main.storyboard */ = {
			isa = PBXVariantGroup;
			children = (
				50BC7754290988EC00C7D97B /* Base */,
			);
			name = Main.storyboard;
			sourceTree = "<group>";
		};
		50BC7758290988EE00C7D97B /* LaunchScreen.storyboard */ = {
			isa = PBXVariantGroup;
			children = (
				50BC7759290988EE00C7D97B /* Base */,
			);
			name = LaunchScreen.storyboard;
			sourceTree = "<group>";
		};
/* End PBXVariantGroup section */

/* Begin XCBuildConfiguration section */
		50BC775C290988EE00C7D97B /* Debug */ = {
			isa = XCBuildConfiguration;
			buildSettings = {
				ALWAYS_SEARCH_USER_PATHS = NO;
				CLANG_ANALYZER_NONNULL = YES;
				CLANG_ANALYZER_NUMBER_OBJECT_CONVERSION = YES_AGGRESSIVE;
				CLANG_CXX_LANGUAGE_STANDARD = "gnu++20";
				CLANG_ENABLE_MODULES = YES;
				CLANG_ENABLE_OBJC_ARC = YES;
				CLANG_ENABLE_OBJC_WEAK = YES;
				CLANG_WARN_BLOCK_CAPTURE_AUTORELEASING = YES;
				CLANG_WARN_BOOL_CONVERSION = YES;
				CLANG_WARN_COMMA = YES;
				CLANG_WARN_CONSTANT_CONVERSION = YES;
				CLANG_WARN_DEPRECATED_OBJC_IMPLEMENTATIONS = YES;
				CLANG_WARN_DIRECT_OBJC_ISA_USAGE = YES_ERROR;
				CLANG_WARN_DOCUMENTATION_COMMENTS = YES;
				CLANG_WARN_EMPTY_BODY = YES;
				CLANG_WARN_ENUM_CONVERSION = YES;
				CLANG_WARN_INFINITE_RECURSION = YES;
				CLANG_WARN_INT_CONVERSION = YES;
				CLANG_WARN_NON_LITERAL_NULL_CONVERSION = YES;
				CLANG_WARN_OBJC_IMPLICIT_RETAIN_SELF = YES;
				CLANG_WARN_OBJC_LITERAL_CONVERSION = YES;
				CLANG_WARN_OBJC_ROOT_CLASS = YES_ERROR;
				CLANG_WARN_QUOTED_INCLUDE_IN_FRAMEWORK_HEADER = YES;
				CLANG_WARN_RANGE_LOOP_ANALYSIS = YES;
				CLANG_WARN_STRICT_PROTOTYPES = YES;
				CLANG_WARN_SUSPICIOUS_MOVE = YES;
				CLANG_WARN_UNGUARDED_AVAILABILITY = YES_AGGRESSIVE;
				CLANG_WARN_UNREACHABLE_CODE = YES;
				CLANG_WARN__DUPLICATE_METHOD_MATCH = YES;
				COPY_PHASE_STRIP = NO;
				DEBUG_INFORMATION_FORMAT = dwarf;
				ENABLE_STRICT_OBJC_MSGSEND = YES;
				ENABLE_TESTABILITY = YES;
				GCC_C_LANGUAGE_STANDARD = gnu11;
				GCC_DYNAMIC_NO_PIC = NO;
				GCC_NO_COMMON_BLOCKS = YES;
				GCC_OPTIMIZATION_LEVEL = 0;
				GCC_PREPROCESSOR_DEFINITIONS = (
					"DEBUG=1",
					"$(inherited)",
				);
				GCC_WARN_64_TO_32_BIT_CONVERSION = YES;
				GCC_WARN_ABOUT_RETURN_TYPE = YES_ERROR;
				GCC_WARN_UNDECLARED_SELECTOR = YES;
				GCC_WARN_UNINITIALIZED_AUTOS = YES_AGGRESSIVE;
				GCC_WARN_UNUSED_FUNCTION = YES;
				GCC_WARN_UNUSED_VARIABLE = YES;
				IPHONEOS_DEPLOYMENT_TARGET = 16.0;
				MTL_ENABLE_DEBUG_INFO = INCLUDE_SOURCE;
				MTL_FAST_MATH = YES;
				ONLY_ACTIVE_ARCH = YES;
				SDKROOT = iphoneos;
				SWIFT_ACTIVE_COMPILATION_CONDITIONS = DEBUG;
				SWIFT_OPTIMIZATION_LEVEL = "-Onone";
			};
			name = Debug;
		};
		50BC775D290988EE00C7D97B /* Release */ = {
			isa = XCBuildConfiguration;
			buildSettings = {
				ALWAYS_SEARCH_USER_PATHS = NO;
				CLANG_ANALYZER_NONNULL = YES;
				CLANG_ANALYZER_NUMBER_OBJECT_CONVERSION = YES_AGGRESSIVE;
				CLANG_CXX_LANGUAGE_STANDARD = "gnu++20";
				CLANG_ENABLE_MODULES = YES;
				CLANG_ENABLE_OBJC_ARC = YES;
				CLANG_ENABLE_OBJC_WEAK = YES;
				CLANG_WARN_BLOCK_CAPTURE_AUTORELEASING = YES;
				CLANG_WARN_BOOL_CONVERSION = YES;
				CLANG_WARN_COMMA = YES;
				CLANG_WARN_CONSTANT_CONVERSION = YES;
				CLANG_WARN_DEPRECATED_OBJC_IMPLEMENTATIONS = YES;
				CLANG_WARN_DIRECT_OBJC_ISA_USAGE = YES_ERROR;
				CLANG_WARN_DOCUMENTATION_COMMENTS = YES;
				CLANG_WARN_EMPTY_BODY = YES;
				CLANG_WARN_ENUM_CONVERSION = YES;
				CLANG_WARN_INFINITE_RECURSION = YES;
				CLANG_WARN_INT_CONVERSION = YES;
				CLANG_WARN_NON_LITERAL_NULL_CONVERSION = YES;
				CLANG_WARN_OBJC_IMPLICIT_RETAIN_SELF = YES;
				CLANG_WARN_OBJC_LITERAL_CONVERSION = YES;
				CLANG_WARN_OBJC_ROOT_CLASS = YES_ERROR;
				CLANG_WARN_QUOTED_INCLUDE_IN_FRAMEWORK_HEADER = YES;
				CLANG_WARN_RANGE_LOOP_ANALYSIS = YES;
				CLANG_WARN_STRICT_PROTOTYPES = YES;
				CLANG_WARN_SUSPICIOUS_MOVE = YES;
				CLANG_WARN_UNGUARDED_AVAILABILITY = YES_AGGRESSIVE;
				CLANG_WARN_UNREACHABLE_CODE = YES;
				CLANG_WARN__DUPLICATE_METHOD_MATCH = YES;
				COPY_PHASE_STRIP = NO;
				DEBUG_INFORMATION_FORMAT = "dwarf-with-dsym";
				ENABLE_NS_ASSERTIONS = NO;
				ENABLE_STRICT_OBJC_MSGSEND = YES;
				GCC_C_LANGUAGE_STANDARD = gnu11;
				GCC_NO_COMMON_BLOCKS = YES;
				GCC_WARN_64_TO_32_BIT_CONVERSION = YES;
				GCC_WARN_ABOUT_RETURN_TYPE = YES_ERROR;
				GCC_WARN_UNDECLARED_SELECTOR = YES;
				GCC_WARN_UNINITIALIZED_AUTOS = YES_AGGRESSIVE;
				GCC_WARN_UNUSED_FUNCTION = YES;
				GCC_WARN_UNUSED_VARIABLE = YES;
				IPHONEOS_DEPLOYMENT_TARGET = 16.0;
				MTL_ENABLE_DEBUG_INFO = NO;
				MTL_FAST_MATH = YES;
				SDKROOT = iphoneos;
				SWIFT_COMPILATION_MODE = wholemodule;
				SWIFT_OPTIMIZATION_LEVEL = "-O";
				VALIDATE_PRODUCT = YES;
			};
			name = Release;
		};
		50BC775F290988EE00C7D97B /* Debug */ = {
			isa = XCBuildConfiguration;
			buildSettings = {
				ASSETCATALOG_COMPILER_APPICON_NAME = AppIcon;
				ASSETCATALOG_COMPILER_GLOBAL_ACCENT_COLOR_NAME = AccentColor;
				CODE_SIGN_STYLE = Automatic;
				CURRENT_PROJECT_VERSION = 1;
				DEVELOPMENT_TEAM = MH8P7YM2P6;
				GENERATE_INFOPLIST_FILE = YES;
				INFOPLIST_FILE = ZombieRunner/Info.plist;
				INFOPLIST_KEY_UIApplicationSupportsIndirectInputEvents = YES;
				INFOPLIST_KEY_UILaunchStoryboardName = LaunchScreen;
				INFOPLIST_KEY_UIMainStoryboardFile = Main;
				INFOPLIST_KEY_UISupportedInterfaceOrientations = UIInterfaceOrientationPortrait;
				INFOPLIST_KEY_UISupportedInterfaceOrientations_iPad = "UIInterfaceOrientationLandscapeLeft UIInterfaceOrientationLandscapeRight UIInterfaceOrientationPortrait UIInterfaceOrientationPortraitUpsideDown";
				LD_RUNPATH_SEARCH_PATHS = (
					"$(inherited)",
					"@executable_path/Frameworks",
				);
				MARKETING_VERSION = 1.0;
				PRODUCT_BUNDLE_IDENTIFIER = "Yauheni-Hraudzin.ZombieRunner";
				PRODUCT_NAME = "$(TARGET_NAME)";
				SUPPORTED_PLATFORMS = "iphoneos iphonesimulator";
				SUPPORTS_MACCATALYST = NO;
				SUPPORTS_MAC_DESIGNED_FOR_IPHONE_IPAD = NO;
				SWIFT_EMIT_LOC_STRINGS = YES;
				SWIFT_VERSION = 5.0;
				TARGETED_DEVICE_FAMILY = 1;
			};
			name = Debug;
		};
		50BC7760290988EE00C7D97B /* Release */ = {
			isa = XCBuildConfiguration;
			buildSettings = {
				ASSETCATALOG_COMPILER_APPICON_NAME = AppIcon;
				ASSETCATALOG_COMPILER_GLOBAL_ACCENT_COLOR_NAME = AccentColor;
				CODE_SIGN_STYLE = Automatic;
				CURRENT_PROJECT_VERSION = 1;
				DEVELOPMENT_TEAM = MH8P7YM2P6;
				GENERATE_INFOPLIST_FILE = YES;
				INFOPLIST_FILE = ZombieRunner/Info.plist;
				INFOPLIST_KEY_UIApplicationSupportsIndirectInputEvents = YES;
				INFOPLIST_KEY_UILaunchStoryboardName = LaunchScreen;
				INFOPLIST_KEY_UIMainStoryboardFile = Main;
				INFOPLIST_KEY_UISupportedInterfaceOrientations = UIInterfaceOrientationPortrait;
				INFOPLIST_KEY_UISupportedInterfaceOrientations_iPad = "UIInterfaceOrientationLandscapeLeft UIInterfaceOrientationLandscapeRight UIInterfaceOrientationPortrait UIInterfaceOrientationPortraitUpsideDown";
				LD_RUNPATH_SEARCH_PATHS = (
					"$(inherited)",
					"@executable_path/Frameworks",
				);
				MARKETING_VERSION = 1.0;
				PRODUCT_BUNDLE_IDENTIFIER = "Yauheni-Hraudzin.ZombieRunner";
				PRODUCT_NAME = "$(TARGET_NAME)";
				SUPPORTED_PLATFORMS = "iphoneos iphonesimulator";
				SUPPORTS_MACCATALYST = NO;
				SUPPORTS_MAC_DESIGNED_FOR_IPHONE_IPAD = NO;
				SWIFT_EMIT_LOC_STRINGS = YES;
				SWIFT_VERSION = 5.0;
				TARGETED_DEVICE_FAMILY = 1;
			};
			name = Release;
		};
/* End XCBuildConfiguration section */

/* Begin XCConfigurationList section */
		50BC7745290988EC00C7D97B /* Build configuration list for PBXProject "ZombieRunner" */ = {
			isa = XCConfigurationList;
			buildConfigurations = (
				50BC775C290988EE00C7D97B /* Debug */,
				50BC775D290988EE00C7D97B /* Release */,
			);
			defaultConfigurationIsVisible = 0;
			defaultConfigurationName = Release;
		};
		50BC775E290988EE00C7D97B /* Build configuration list for PBXNativeTarget "ZombieRunner" */ = {
			isa = XCConfigurationList;
			buildConfigurations = (
				50BC775F290988EE00C7D97B /* Debug */,
				50BC7760290988EE00C7D97B /* Release */,
			);
			defaultConfigurationIsVisible = 0;
			defaultConfigurationName = Release;
		};
/* End XCConfigurationList section */
	};
	rootObject = 50BC7742290988EC00C7D97B /* Project object */;
}
